
Microsoft Visual Studio Solution File, Format Version 12.00
# Visual Studio Version 17
VisualStudioVersion = 17.13.35507.96
MinimumVisualStudioVersion = 10.0.40219.1
Project("{8BC9CEB8-8B4A-11D0-8D11-00A0C91BC942}") = "ConsoleApplication1", "ConsoleApplication1\ConsoleApplication1.vcxproj", "{2B6675D9-8EEB-4E9F-A3BA-79026CCD1F8C}"
EndProject
Project("{8BC9CEB8-8B4A-11D0-8D11-00A0C91BC942}") = "Degiskenler", "Degiskenler\Degiskenler.vcxproj", "{C478FBD1-2202-4EBF-AB2D-CBBACC96EE92}"
EndProject
Project("{8BC9CEB8-8B4A-11D0-8D11-00A0C91BC942}") = "BelekYönetimi", "BelekYönetimi\BelekYönetimi.vcxproj", "{FAFC9CF0-37EF-4452-A9F2-75F585F9BA4D}"
EndProject
Project("{8BC9CEB8-8B4A-11D0-8D11-00A0C91BC942}") = "SharedPointer", "SharedPointer\SharedPointer.vcxproj", "{19492E54-D764-4EAB-B959-51D5C38F5AD2}"
EndProject
Project("{8BC9CEB8-8B4A-11D0-8D11-00A0C91BC942}") = "Macros(Onislemci)", "Macros(Onislemci)\Macros(Onislemci).vcxproj", "{FF1FDD22-C7F9-4A8E-92AD-98525D9DCD96}"
EndProject
Project("{8BC9CEB8-8B4A-11D0-8D11-00A0C91BC942}") = "FİleStream", "FİleStream\FİleStream.vcxproj", "{BA239B59-6727-4325-89D0-ACDCC3AA5735}"
EndProject
Global
	GlobalSection(SolutionConfigurationPlatforms) = preSolution
		Debug|x64 = Debug|x64
		Debug|x86 = Debug|x86
		Release|x64 = Release|x64
		Release|x86 = Release|x86
	EndGlobalSection
	GlobalSection(ProjectConfigurationPlatforms) = postSolution
		{2B6675D9-8EEB-4E9F-A3BA-79026CCD1F8C}.Debug|x64.ActiveCfg = Debug|x64
		{2B6675D9-8EEB-4E9F-A3BA-79026CCD1F8C}.Debug|x64.Build.0 = Debug|x64
		{2B6675D9-8EEB-4E9F-A3BA-79026CCD1F8C}.Debug|x86.ActiveCfg = Debug|Win32
		{2B6675D9-8EEB-4E9F-A3BA-79026CCD1F8C}.Debug|x86.Build.0 = Debug|Win32
		{2B6675D9-8EEB-4E9F-A3BA-79026CCD1F8C}.Release|x64.ActiveCfg = Release|x64
		{2B6675D9-8EEB-4E9F-A3BA-79026CCD1F8C}.Release|x64.Build.0 = Release|x64
		{2B6675D9-8EEB-4E9F-A3BA-79026CCD1F8C}.Release|x86.ActiveCfg = Release|Win32
		{2B6675D9-8EEB-4E9F-A3BA-79026CCD1F8C}.Release|x86.Build.0 = Release|Win32
		{C478FBD1-2202-4EBF-AB2D-CBBACC96EE92}.Debug|x64.ActiveCfg = Debug|x64
		{C478FBD1-2202-4EBF-AB2D-CBBACC96EE92}.Debug|x64.Build.0 = Debug|x64
		{C478FBD1-2202-4EBF-AB2D-CBBACC96EE92}.Debug|x86.ActiveCfg = Debug|Win32
		{C478FBD1-2202-4EBF-AB2D-CBBACC96EE92}.Debug|x86.Build.0 = Debug|Win32
		{C478FBD1-2202-4EBF-AB2D-CBBACC96EE92}.Release|x64.ActiveCfg = Release|x64
		{C478FBD1-2202-4EBF-AB2D-CBBACC96EE92}.Release|x64.Build.0 = Release|x64
		{C478FBD1-2202-4EBF-AB2D-CBBACC96EE92}.Release|x86.ActiveCfg = Release|Win32
		{C478FBD1-2202-4EBF-AB2D-CBBACC96EE92}.Release|x86.Build.0 = Release|Win32
		{FAFC9CF0-37EF-4452-A9F2-75F585F9BA4D}.Debug|x64.ActiveCfg = Debug|x64
		{FAFC9CF0-37EF-4452-A9F2-75F585F9BA4D}.Debug|x64.Build.0 = Debug|x64
		{FAFC9CF0-37EF-4452-A9F2-75F585F9BA4D}.Debug|x86.ActiveCfg = Debug|Win32
		{FAFC9CF0-37EF-4452-A9F2-75F585F9BA4D}.Debug|x86.Build.0 = Debug|Win32
		{FAFC9CF0-37EF-4452-A9F2-75F585F9BA4D}.Release|x64.ActiveCfg = Release|x64
		{FAFC9CF0-37EF-4452-A9F2-75F585F9BA4D}.Release|x64.Build.0 = Release|x64
		{FAFC9CF0-37EF-4452-A9F2-75F585F9BA4D}.Release|x86.ActiveCfg = Release|Win32
		{FAFC9CF0-37EF-4452-A9F2-75F585F9BA4D}.Release|x86.Build.0 = Release|Win32
		{19492E54-D764-4EAB-B959-51D5C38F5AD2}.Debug|x64.ActiveCfg = Debug|x64
		{19492E54-D764-4EAB-B959-51D5C38F5AD2}.Debug|x64.Build.0 = Debug|x64
		{19492E54-D764-4EAB-B959-51D5C38F5AD2}.Debug|x86.ActiveCfg = Debug|Win32
		{19492E54-D764-4EAB-B959-51D5C38F5AD2}.Debug|x86.Build.0 = Debug|Win32
		{19492E54-D764-4EAB-B959-51D5C38F5AD2}.Release|x64.ActiveCfg = Release|x64
		{19492E54-D764-4EAB-B959-51D5C38F5AD2}.Release|x64.Build.0 = Release|x64
		{19492E54-D764-4EAB-B959-51D5C38F5AD2}.Release|x86.ActiveCfg = Release|Win32
		{19492E54-D764-4EAB-B959-51D5C38F5AD2}.Release|x86.Build.0 = Release|Win32
		{FF1FDD22-C7F9-4A8E-92AD-98525D9DCD96}.Debug|x64.ActiveCfg = Debug|x64
		{FF1FDD22-C7F9-4A8E-92AD-98525D9DCD96}.Debug|x64.Build.0 = Debug|x64
		{FF1FDD22-C7F9-4A8E-92AD-98525D9DCD96}.Debug|x86.ActiveCfg = Debug|Win32
		{FF1FDD22-C7F9-4A8E-92AD-98525D9DCD96}.Debug|x86.Build.0 = Debug|Win32
		{FF1FDD22-C7F9-4A8E-92AD-98525D9DCD96}.Release|x64.ActiveCfg = Release|x64
		{FF1FDD22-C7F9-4A8E-92AD-98525D9DCD96}.Release|x64.Build.0 = Release|x64
		{FF1FDD22-C7F9-4A8E-92AD-98525D9DCD96}.Release|x86.ActiveCfg = Release|Win32
		{FF1FDD22-C7F9-4A8E-92AD-98525D9DCD96}.Release|x86.Build.0 = Release|Win32
		{BA239B59-6727-4325-89D0-ACDCC3AA5735}.Debug|x64.ActiveCfg = Debug|x64
		{BA239B59-6727-4325-89D0-ACDCC3AA5735}.Debug|x64.Build.0 = Debug|x64
		{BA239B59-6727-4325-89D0-ACDCC3AA5735}.Debug|x86.ActiveCfg = Debug|Win32
		{BA239B59-6727-4325-89D0-ACDCC3AA5735}.Debug|x86.Build.0 = Debug|Win32
		{BA239B59-6727-4325-89D0-ACDCC3AA5735}.Release|x64.ActiveCfg = Release|x64
		{BA239B59-6727-4325-89D0-ACDCC3AA5735}.Release|x64.Build.0 = Release|x64
		{BA239B59-6727-4325-89D0-ACDCC3AA5735}.Release|x86.ActiveCfg = Release|Win32
		{BA239B59-6727-4325-89D0-ACDCC3AA5735}.Release|x86.Build.0 = Release|Win32
	EndGlobalSection
	GlobalSection(SolutionProperties) = preSolution
		HideSolutionNode = FALSE
	EndGlobalSection
	GlobalSection(ExtensibilityGlobals) = postSolution
		SolutionGuid = {B92E53CD-BF4F-4614-8174-4D9012FF53D5}
	EndGlobalSection
EndGlobal
